
Microsoft Visual Studio Solution File, Format Version 12.00
# Visual Studio Version 17
VisualStudioVersion = 17.12.35707.178
MinimumVisualStudioVersion = 10.0.40219.1
Project("{FAE04EC0-301F-11D3-BF4B-00C04F79EFBC}") = "Terceros.Services.API", "Terceros.Services.API.csproj", "{51B36F8E-7BE2-4BC0-BAD7-DC643C9067EC}"
EndProject
Project("{FAE04EC0-301F-11D3-BF4B-00C04F79EFBC}") = "Terceros.Applications", "..\Terceros.Applications\Terceros.Applications.csproj", "{D77EA5A6-0BCD-4199-B9BC-7049C0924168}"
EndProject
Project("{FAE04EC0-301F-11D3-BF4B-00C04F79EFBC}") = "Terceros.Services", "..\Terceros.Services\Terceros.Services.csproj", "{406B876A-F34E-4729-A5ED-AFA7203F559B}"
EndProject
Project("{FAE04EC0-301F-11D3-BF4B-00C04F79EFBC}") = "Terceros.Infratructura", "..\Terceros.Infratructura\Terceros.Infratructura.csproj", "{48F121E4-F107-4D50-8A24-E15C2DB1EFE7}"
EndProject
Global
	GlobalSection(SolutionConfigurationPlatforms) = preSolution
		Debug|Any CPU = Debug|Any CPU
		Release|Any CPU = Release|Any CPU
	EndGlobalSection
	GlobalSection(ProjectConfigurationPlatforms) = postSolution
		{51B36F8E-7BE2-4BC0-BAD7-DC643C9067EC}.Debug|Any CPU.ActiveCfg = Debug|Any CPU
		{51B36F8E-7BE2-4BC0-BAD7-DC643C9067EC}.Debug|Any CPU.Build.0 = Debug|Any CPU
		{51B36F8E-7BE2-4BC0-BAD7-DC643C9067EC}.Release|Any CPU.ActiveCfg = Release|Any CPU
		{51B36F8E-7BE2-4BC0-BAD7-DC643C9067EC}.Release|Any CPU.Build.0 = Release|Any CPU
		{D77EA5A6-0BCD-4199-B9BC-7049C0924168}.Debug|Any CPU.ActiveCfg = Debug|Any CPU
		{D77EA5A6-0BCD-4199-B9BC-7049C0924168}.Debug|Any CPU.Build.0 = Debug|Any CPU
		{D77EA5A6-0BCD-4199-B9BC-7049C0924168}.Release|Any CPU.ActiveCfg = Release|Any CPU
		{D77EA5A6-0BCD-4199-B9BC-7049C0924168}.Release|Any CPU.Build.0 = Release|Any CPU
		{406B876A-F34E-4729-A5ED-AFA7203F559B}.Debug|Any CPU.ActiveCfg = Debug|Any CPU
		{406B876A-F34E-4729-A5ED-AFA7203F559B}.Debug|Any CPU.Build.0 = Debug|Any CPU
		{406B876A-F34E-4729-A5ED-AFA7203F559B}.Release|Any CPU.ActiveCfg = Release|Any CPU
		{406B876A-F34E-4729-A5ED-AFA7203F559B}.Release|Any CPU.Build.0 = Release|Any CPU
		{48F121E4-F107-4D50-8A24-E15C2DB1EFE7}.Debug|Any CPU.ActiveCfg = Debug|Any CPU
		{48F121E4-F107-4D50-8A24-E15C2DB1EFE7}.Debug|Any CPU.Build.0 = Debug|Any CPU
		{48F121E4-F107-4D50-8A24-E15C2DB1EFE7}.Release|Any CPU.ActiveCfg = Release|Any CPU
		{48F121E4-F107-4D50-8A24-E15C2DB1EFE7}.Release|Any CPU.Build.0 = Release|Any CPU
	EndGlobalSection
	GlobalSection(SolutionProperties) = preSolution
		HideSolutionNode = FALSE
	EndGlobalSection
EndGlobal
